
Microsoft Visual Studio Solution File, Format Version 12.00
# Visual Studio Version 17
VisualStudioVersion = 17.11.35312.102
MinimumVisualStudioVersion = 10.0.40219.1
Project("{FAE04EC0-301F-11D3-BF4B-00C04F79EFBC}") = "classtaskintarface", "classtaskintarface\classtaskintarface.csproj", "{A656F9FA-9BA5-41EE-A371-0369E8B71962}"
EndProject
Global
	GlobalSection(SolutionConfigurationPlatforms) = preSolution
		Debug|Any CPU = Debug|Any CPU
		Release|Any CPU = Release|Any CPU
	EndGlobalSection
	GlobalSection(ProjectConfigurationPlatforms) = postSolution
		{A656F9FA-9BA5-41EE-A371-0369E8B71962}.Debug|Any CPU.ActiveCfg = Debug|Any CPU
		{A656F9FA-9BA5-41EE-A371-0369E8B71962}.Debug|Any CPU.Build.0 = Debug|Any CPU
		{A656F9FA-9BA5-41EE-A371-0369E8B71962}.Release|Any CPU.ActiveCfg = Release|Any CPU
		{A656F9FA-9BA5-41EE-A371-0369E8B71962}.Release|Any CPU.Build.0 = Release|Any CPU
	EndGlobalSection
	GlobalSection(SolutionProperties) = preSolution
		HideSolutionNode = FALSE
	EndGlobalSection
	GlobalSection(ExtensibilityGlobals) = postSolution
		SolutionGuid = {D66B86C9-3A19-4EA8-8C44-7DB77CECCB2F}
	EndGlobalSection
EndGlobal
